dependencies:
  espressif/usb:
    component_hash: 1d90d7c7b0682dbfcc36f47cf5acf224a5cfb850a62f39cd86d3159cfec12a81
    dependencies:
    - name: idf
      require: private
      version: '>=5.4'
    source:
      registry_url: https://components.espressif.com/
      type: service
    targets:
    - esp32s2
    - esp32s3
    - esp32s31
    - esp32p4
    - esp32h4
    - linux
    version: 1.4.1
  idf:
    source:
      type: idf
    version: 6.0.1
direct_dependencies:
- espressif/usb
manifest_hash: ecc622ee3eda39885b5d9dacb1191373d1f4fa4cdeea05c2d3f285a03a44422e
target: esp32s3
version: 3.0.0
